
Microsoft Visual Studio Solution File, Format Version 12.00
# Visual Studio Version 17
VisualStudioVersion = 17.0.31903.59
MinimumVisualStudioVersion = 10.0.40219.1
Project("{FAE04EC0-301F-11D3-BF4B-00C04F79EFBC}") = "PuzzleNr1", "PuzzleNr1\PuzzleNr1.csproj", "{7287B400-9E53-4867-9A53-DA3BCF2C4372}"
EndProject
Global
	GlobalSection(SolutionConfigurationPlatforms) = preSolution
		Debug|Any CPU = Debug|Any CPU
		Release|Any CPU = Release|Any CPU
	EndGlobalSection
	GlobalSection(ProjectConfigurationPlatforms) = postSolution
		{7287B400-9E53-4867-9A53-DA3BCF2C4372}.Debug|Any CPU.ActiveCfg = Debug|Any CPU
		{7287B400-9E53-4867-9A53-DA3BCF2C4372}.Debug|Any CPU.Build.0 = Debug|Any CPU
		{7287B400-9E53-4867-9A53-DA3BCF2C4372}.Release|Any CPU.ActiveCfg = Release|Any CPU
		{7287B400-9E53-4867-9A53-DA3BCF2C4372}.Release|Any CPU.Build.0 = Release|Any CPU
	EndGlobalSection
	GlobalSection(SolutionProperties) = preSolution
		HideSolutionNode = FALSE
	EndGlobalSection
	GlobalSection(ExtensibilityGlobals) = postSolution
		SolutionGuid = {72F57D05-8614-4117-A475-4ADD295831B6}
	EndGlobalSection
EndGlobal
